
Microsoft Visual Studio Solution File, Format Version 12.00
# Visual Studio Version 17
VisualStudioVersion = 17.14.36301.6 d17.14
MinimumVisualStudioVersion = 10.0.40219.1
Project("{FAE04EC0-301F-11D3-BF4B-00C04F79EFBC}") = "Backend", "Backend\Backend.csproj", "{80A99223-0978-4E3E-AFD9-25115BBDAA74}"
EndProject
Global
	GlobalSection(SolutionConfigurationPlatforms) = preSolution
		Debug|Any CPU = Debug|Any CPU
		Release|Any CPU = Release|Any CPU
	EndGlobalSection
	GlobalSection(ProjectConfigurationPlatforms) = postSolution
		{80A99223-0978-4E3E-AFD9-25115BBDAA74}.Debug|Any CPU.ActiveCfg = Debug|Any CPU
		{80A99223-0978-4E3E-AFD9-25115BBDAA74}.Debug|Any CPU.Build.0 = Debug|Any CPU
		{80A99223-0978-4E3E-AFD9-25115BBDAA74}.Release|Any CPU.ActiveCfg = Release|Any CPU
		{80A99223-0978-4E3E-AFD9-25115BBDAA74}.Release|Any CPU.Build.0 = Release|Any CPU
	EndGlobalSection
	GlobalSection(SolutionProperties) = preSolution
		HideSolutionNode = FALSE
	EndGlobalSection
	GlobalSection(ExtensibilityGlobals) = postSolution
		SolutionGuid = {300D42D8-2FDA-43F0-BCC5-B1F0F101AAC5}
	EndGlobalSection
EndGlobal
