
Microsoft Visual Studio Solution File, Format Version 12.00
# Visual Studio Version 17
VisualStudioVersion = 17.14.36301.6
MinimumVisualStudioVersion = 10.0.40219.1
Project("{FAE04EC0-301F-11D3-BF4B-00C04F79EFBC}") = "Backend", "Backend\Backend.csproj", "{80A99223-0978-4E3E-AFD9-25115BBDAA74}"
EndProject
Project("{FAE04EC0-301F-11D3-BF4B-00C04F79EFBC}") = "Service", "Service\Service.csproj", "{7618ECC5-4D96-4BB9-8B67-60609BD43AA2}"
EndProject
Project("{FAE04EC0-301F-11D3-BF4B-00C04F79EFBC}") = "BiblioTestProject", "BiblioTestProject\BiblioTestProject.csproj", "{9C439DAB-2958-44DD-B341-033787332CC4}"
EndProject
Project("{2150E333-8FDC-42A3-9474-1A3956D46DE8}") = "Elementos de la solución", "Elementos de la solución", "{D107F4C8-89CC-BEA8-D3D7-CA6B7733353D}"
	ProjectSection(SolutionItems) = preProject
		.gitignore = .gitignore
	EndProjectSection
EndProject
Global
	GlobalSection(SolutionConfigurationPlatforms) = preSolution
		Debug|Any CPU = Debug|Any CPU
		Release|Any CPU = Release|Any CPU
	EndGlobalSection
	GlobalSection(ProjectConfigurationPlatforms) = postSolution
		{80A99223-0978-4E3E-AFD9-25115BBDAA74}.Debug|Any CPU.ActiveCfg = Debug|Any CPU
		{80A99223-0978-4E3E-AFD9-25115BBDAA74}.Debug|Any CPU.Build.0 = Debug|Any CPU
		{80A99223-0978-4E3E-AFD9-25115BBDAA74}.Release|Any CPU.ActiveCfg = Release|Any CPU
		{80A99223-0978-4E3E-AFD9-25115BBDAA74}.Release|Any CPU.Build.0 = Release|Any CPU
		{7618ECC5-4D96-4BB9-8B67-60609BD43AA2}.Debug|Any CPU.ActiveCfg = Debug|Any CPU
		{7618ECC5-4D96-4BB9-8B67-60609BD43AA2}.Debug|Any CPU.Build.0 = Debug|Any CPU
		{7618ECC5-4D96-4BB9-8B67-60609BD43AA2}.Release|Any CPU.ActiveCfg = Release|Any CPU
		{7618ECC5-4D96-4BB9-8B67-60609BD43AA2}.Release|Any CPU.Build.0 = Release|Any CPU
		{9C439DAB-2958-44DD-B341-033787332CC4}.Debug|Any CPU.ActiveCfg = Debug|Any CPU
		{9C439DAB-2958-44DD-B341-033787332CC4}.Debug|Any CPU.Build.0 = Debug|Any CPU
		{9C439DAB-2958-44DD-B341-033787332CC4}.Release|Any CPU.ActiveCfg = Release|Any CPU
		{9C439DAB-2958-44DD-B341-033787332CC4}.Release|Any CPU.Build.0 = Release|Any CPU
	EndGlobalSection
	GlobalSection(SolutionProperties) = preSolution
		HideSolutionNode = FALSE
	EndGlobalSection
	GlobalSection(ExtensibilityGlobals) = postSolution
		SolutionGuid = {300D42D8-2FDA-43F0-BCC5-B1F0F101AAC5}
	EndGlobalSection
EndGlobal
